
Microsoft Visual Studio Solution File, Format Version 12.00
# Visual Studio Version 16
VisualStudioVersion = 16.0.29926.136
MinimumVisualStudioVersion = 10.0.40219.1
Project("{00D1A9C2-B5F0-4AF3-8072-F6C62B433612}") = "POKEDEXDB", "POKEDEXDB\POKEDEXDB.sqlproj", "{F37DFB26-9C3A-4DDC-98BE-F1A562AEA739}"
EndProject
Project("{9A19103F-16F7-4668-BE54-9A1E7A4F7556}") = "Pokedex.Data", "Pokedex.Data\Pokedex.Data.csproj", "{B0174860-036D-4F70-9DE5-387B5746BA65}"
EndProject
Project("{9A19103F-16F7-4668-BE54-9A1E7A4F7556}") = "PokedexApp", "PokedexApp\PokedexApp.csproj", "{5D06AE54-5560-4896-8749-402C07E37300}"
EndProject
Project("{9A19103F-16F7-4668-BE54-9A1E7A4F7556}") = "Pokedex.Tests", "Pokedex.Tests\Pokedex.Tests.csproj", "{B15C1FFD-048A-477E-BCA4-ED71370923F2}"
	ProjectSection(ProjectDependencies) = postProject
		{1DEBB5F5-EC7A-4645-9C6F-0590AD6E062A} = {1DEBB5F5-EC7A-4645-9C6F-0590AD6E062A}
	EndProjectSection
EndProject
Project("{9A19103F-16F7-4668-BE54-9A1E7A4F7556}") = "Pokedex.Repository", "Pokedex.Repository\Pokedex.Repository.csproj", "{7093C458-21AC-4D82-A0C6-E3B6D6312142}"
EndProject
Project("{9A19103F-16F7-4668-BE54-9A1E7A4F7556}") = "Pokedex.Logging", "Pokedex.Logging\Pokedex.Logging.csproj", "{1DEBB5F5-EC7A-4645-9C6F-0590AD6E062A}"
EndProject
Project("{9A19103F-16F7-4668-BE54-9A1E7A4F7556}") = "PokedexAPI", "PokedexAPI\PokedexAPI.csproj", "{E313C306-5F17-4C47-972E-DC0711424613}"
EndProject
Project("{9A19103F-16F7-4668-BE54-9A1E7A4F7556}") = "Pokedex.Common", "Pokedex.Common\Pokedex.Common.csproj", "{A0121C69-77DF-4FD7-8460-58FE95EB5140}"
EndProject
Global
	GlobalSection(SolutionConfigurationPlatforms) = preSolution
		Debug|Any CPU = Debug|Any CPU
		Release|Any CPU = Release|Any CPU
	EndGlobalSection
	GlobalSection(ProjectConfigurationPlatforms) = postSolution
		{F37DFB26-9C3A-4DDC-98BE-F1A562AEA739}.Debug|Any CPU.ActiveCfg = Debug|Any CPU
		{F37DFB26-9C3A-4DDC-98BE-F1A562AEA739}.Debug|Any CPU.Build.0 = Debug|Any CPU
		{F37DFB26-9C3A-4DDC-98BE-F1A562AEA739}.Debug|Any CPU.Deploy.0 = Debug|Any CPU
		{F37DFB26-9C3A-4DDC-98BE-F1A562AEA739}.Release|Any CPU.ActiveCfg = Release|Any CPU
		{F37DFB26-9C3A-4DDC-98BE-F1A562AEA739}.Release|Any CPU.Deploy.0 = Release|Any CPU
		{B0174860-036D-4F70-9DE5-387B5746BA65}.Debug|Any CPU.ActiveCfg = Debug|Any CPU
		{B0174860-036D-4F70-9DE5-387B5746BA65}.Debug|Any CPU.Build.0 = Debug|Any CPU
		{B0174860-036D-4F70-9DE5-387B5746BA65}.Release|Any CPU.ActiveCfg = Release|Any CPU
		{B0174860-036D-4F70-9DE5-387B5746BA65}.Release|Any CPU.Build.0 = Release|Any CPU
		{5D06AE54-5560-4896-8749-402C07E37300}.Debug|Any CPU.ActiveCfg = Debug|Any CPU
		{5D06AE54-5560-4896-8749-402C07E37300}.Debug|Any CPU.Build.0 = Debug|Any CPU
		{5D06AE54-5560-4896-8749-402C07E37300}.Release|Any CPU.ActiveCfg = Release|Any CPU
		{5D06AE54-5560-4896-8749-402C07E37300}.Release|Any CPU.Build.0 = Release|Any CPU
		{B15C1FFD-048A-477E-BCA4-ED71370923F2}.Debug|Any CPU.ActiveCfg = Debug|Any CPU
		{B15C1FFD-048A-477E-BCA4-ED71370923F2}.Debug|Any CPU.Build.0 = Debug|Any CPU
		{B15C1FFD-048A-477E-BCA4-ED71370923F2}.Release|Any CPU.ActiveCfg = Release|Any CPU
		{B15C1FFD-048A-477E-BCA4-ED71370923F2}.Release|Any CPU.Build.0 = Release|Any CPU
		{7093C458-21AC-4D82-A0C6-E3B6D6312142}.Debug|Any CPU.ActiveCfg = Debug|Any CPU
		{7093C458-21AC-4D82-A0C6-E3B6D6312142}.Debug|Any CPU.Build.0 = Debug|Any CPU
		{7093C458-21AC-4D82-A0C6-E3B6D6312142}.Release|Any CPU.ActiveCfg = Release|Any CPU
		{7093C458-21AC-4D82-A0C6-E3B6D6312142}.Release|Any CPU.Build.0 = Release|Any CPU
		{1DEBB5F5-EC7A-4645-9C6F-0590AD6E062A}.Debug|Any CPU.ActiveCfg = Debug|Any CPU
		{1DEBB5F5-EC7A-4645-9C6F-0590AD6E062A}.Debug|Any CPU.Build.0 = Debug|Any CPU
		{1DEBB5F5-EC7A-4645-9C6F-0590AD6E062A}.Release|Any CPU.ActiveCfg = Release|Any CPU
		{1DEBB5F5-EC7A-4645-9C6F-0590AD6E062A}.Release|Any CPU.Build.0 = Release|Any CPU
		{E313C306-5F17-4C47-972E-DC0711424613}.Debug|Any CPU.ActiveCfg = Debug|Any CPU
		{E313C306-5F17-4C47-972E-DC0711424613}.Debug|Any CPU.Build.0 = Debug|Any CPU
		{E313C306-5F17-4C47-972E-DC0711424613}.Release|Any CPU.ActiveCfg = Release|Any CPU
		{E313C306-5F17-4C47-972E-DC0711424613}.Release|Any CPU.Build.0 = Release|Any CPU
		{A0121C69-77DF-4FD7-8460-58FE95EB5140}.Debug|Any CPU.ActiveCfg = Debug|Any CPU
		{A0121C69-77DF-4FD7-8460-58FE95EB5140}.Debug|Any CPU.Build.0 = Debug|Any CPU
		{A0121C69-77DF-4FD7-8460-58FE95EB5140}.Release|Any CPU.ActiveCfg = Release|Any CPU
		{A0121C69-77DF-4FD7-8460-58FE95EB5140}.Release|Any CPU.Build.0 = Release|Any CPU
	EndGlobalSection
	GlobalSection(SolutionProperties) = preSolution
		HideSolutionNode = FALSE
	EndGlobalSection
	GlobalSection(ExtensibilityGlobals) = postSolution
		SolutionGuid = {1F9AE30D-AD73-431C-95BD-91A86F1A421A}
	EndGlobalSection
EndGlobal
